
Microsoft Visual Studio Solution File, Format Version 12.00
# Visual Studio Version 16
VisualStudioVersion = 16.0.31911.196
MinimumVisualStudioVersion = 10.0.40219.1
Project("{FAE04EC0-301F-11D3-BF4B-00C04F79EFBC}") = "BotForTraining", "BotForTraining\BotForTraining.csproj", "{EB14DF41-31A1-4277-93D8-B278E494FAC1}"
EndProject
Global
	GlobalSection(SolutionConfigurationPlatforms) = preSolution
		Debug|Any CPU = Debug|Any CPU
		Release|Any CPU = Release|Any CPU
	EndGlobalSection
	GlobalSection(ProjectConfigurationPlatforms) = postSolution
		{EB14DF41-31A1-4277-93D8-B278E494FAC1}.Debug|Any CPU.ActiveCfg = Debug|Any CPU
		{EB14DF41-31A1-4277-93D8-B278E494FAC1}.Debug|Any CPU.Build.0 = Debug|Any CPU
		{EB14DF41-31A1-4277-93D8-B278E494FAC1}.Release|Any CPU.ActiveCfg = Release|Any CPU
		{EB14DF41-31A1-4277-93D8-B278E494FAC1}.Release|Any CPU.Build.0 = Release|Any CPU
	EndGlobalSection
	GlobalSection(SolutionProperties) = preSolution
		HideSolutionNode = FALSE
	EndGlobalSection
	GlobalSection(ExtensibilityGlobals) = postSolution
		SolutionGuid = {30172C41-B238-453A-8885-AAC1A9F11EB6}
	EndGlobalSection
EndGlobal
